
Microsoft Visual Studio Solution File, Format Version 12.00
# Visual Studio Version 17
VisualStudioVersion = 17.0.31912.275
MinimumVisualStudioVersion = 10.0.40219.1
Project("{9A19103F-16F7-4668-BE54-9A1E7A4F7556}") = "Pomufication", "Pomufication\Pomufication.csproj", "{2330B953-3E7F-4615-8A67-E23CC069C1BD}"
EndProject
Global
	GlobalSection(SolutionConfigurationPlatforms) = preSolution
		Debug|Any CPU = Debug|Any CPU
		Release|Any CPU = Release|Any CPU
	EndGlobalSection
	GlobalSection(ProjectConfigurationPlatforms) = postSolution
		{2330B953-3E7F-4615-8A67-E23CC069C1BD}.Debug|Any CPU.ActiveCfg = Debug|Any CPU
		{2330B953-3E7F-4615-8A67-E23CC069C1BD}.Debug|Any CPU.Build.0 = Debug|Any CPU
		{2330B953-3E7F-4615-8A67-E23CC069C1BD}.Release|Any CPU.ActiveCfg = Release|Any CPU
		{2330B953-3E7F-4615-8A67-E23CC069C1BD}.Release|Any CPU.Build.0 = Release|Any CPU
	EndGlobalSection
	GlobalSection(SolutionProperties) = preSolution
		HideSolutionNode = FALSE
	EndGlobalSection
	GlobalSection(ExtensibilityGlobals) = postSolution
		SolutionGuid = {AF6A15F8-7ED7-48DC-BCB8-4446FB56CA44}
	EndGlobalSection
EndGlobal
